
Microsoft Visual Studio Solution File, Format Version 12.00
# Visual Studio Version 16
VisualStudioVersion = 16.0.31025.194
MinimumVisualStudioVersion = 10.0.40219.1
Project("{FAE04EC0-301F-11D3-BF4B-00C04F79EFBC}") = "FriendOrganizer.UI", "FriendOrganizer.UI\FriendOrganizer.UI.csproj", "{D563EB20-9AD4-4B0C-AB05-DA961A33A327}"
EndProject
Project("{FAE04EC0-301F-11D3-BF4B-00C04F79EFBC}") = "FriendOrganizer.Model", "FriendOrganizer.Model\FriendOrganizer.Model.csproj", "{2119D44F-7B86-4B2A-9620-7B51C7E24D06}"
EndProject
Project("{FAE04EC0-301F-11D3-BF4B-00C04F79EFBC}") = "FriendOrganizer.DataAccess", "FriendOrganizer.DataAccess\FriendOrganizer.DataAccess.csproj", "{EFBC8817-5868-48E9-B691-D5523AB1E240}"
EndProject
Global
	GlobalSection(SolutionConfigurationPlatforms) = preSolution
		Debug|Any CPU = Debug|Any CPU
		Release|Any CPU = Release|Any CPU
	EndGlobalSection
	GlobalSection(ProjectConfigurationPlatforms) = postSolution
		{D563EB20-9AD4-4B0C-AB05-DA961A33A327}.Debug|Any CPU.ActiveCfg = Debug|Any CPU
		{D563EB20-9AD4-4B0C-AB05-DA961A33A327}.Debug|Any CPU.Build.0 = Debug|Any CPU
		{D563EB20-9AD4-4B0C-AB05-DA961A33A327}.Release|Any CPU.ActiveCfg = Release|Any CPU
		{D563EB20-9AD4-4B0C-AB05-DA961A33A327}.Release|Any CPU.Build.0 = Release|Any CPU
		{2119D44F-7B86-4B2A-9620-7B51C7E24D06}.Debug|Any CPU.ActiveCfg = Debug|Any CPU
		{2119D44F-7B86-4B2A-9620-7B51C7E24D06}.Debug|Any CPU.Build.0 = Debug|Any CPU
		{2119D44F-7B86-4B2A-9620-7B51C7E24D06}.Release|Any CPU.ActiveCfg = Release|Any CPU
		{2119D44F-7B86-4B2A-9620-7B51C7E24D06}.Release|Any CPU.Build.0 = Release|Any CPU
		{EFBC8817-5868-48E9-B691-D5523AB1E240}.Debug|Any CPU.ActiveCfg = Debug|Any CPU
		{EFBC8817-5868-48E9-B691-D5523AB1E240}.Debug|Any CPU.Build.0 = Debug|Any CPU
		{EFBC8817-5868-48E9-B691-D5523AB1E240}.Release|Any CPU.ActiveCfg = Release|Any CPU
		{EFBC8817-5868-48E9-B691-D5523AB1E240}.Release|Any CPU.Build.0 = Release|Any CPU
	EndGlobalSection
	GlobalSection(SolutionProperties) = preSolution
		HideSolutionNode = FALSE
	EndGlobalSection
	GlobalSection(ExtensibilityGlobals) = postSolution
		SolutionGuid = {FDEF6DAC-693E-495F-B6F3-E9C8D9988F25}
	EndGlobalSection
EndGlobal
